PODS:
  - auropay-payments (1.2.0)
  - auropay_payments (0.0.1):
    - auropay-payments (= 1.2.0)
    - Flutter
  - Flutter (1.0.0)
  - integration_test (0.0.1):
    - Flutter

DEPENDENCIES:
  - auropay_payments (from `.symlinks/plugins/auropay_payments/ios`)
  - Flutter (from `Flutter`)
  - integration_test (from `.symlinks/plugins/integration_test/ios`)

SPEC REPOS:
  trunk:
    - auropay-payments

EXTERNAL SOURCES:
  auropay_payments:
    :path: ".symlinks/plugins/auropay_payments/ios"
  Flutter:
    :path: Flutter
  integration_test:
    :path: ".symlinks/plugins/integration_test/ios"

SPEC CHECKSUMS:
  auropay-payments: 3d5417257350f523546f9d8150e8fdef8ad1840f
  auropay_payments: e0690c4ac156c46259953e687514e3e22bd42503
  Flutter: e0871f40cf51350855a761d2e70bf5af5b9b5de7
  integration_test: 4a889634ef21a45d28d50d622cf412dc6d9f586e

PODFILE CHECKSUM: a57f30d18f102dd3ce366b1d62a55ecbef2158e5

COCOAPODS: 1.16.2
