PODS:
  - auropay-payments (1.1.2)
  - auropay_payments (0.0.1):
    - auropay-payments (= 1.1.2)
    - Flutter
  - Flutter (1.0.0)
  - integration_test (0.0.1):
    - Flutter

DEPENDENCIES:
  - auropay_payments (from `.symlinks/plugins/auropay_payments/ios`)
  - Flutter (from `Flutter`)
  - integration_test (from `.symlinks/plugins/integration_test/ios`)

SPEC REPOS:
  trunk:
    - auropay-payments

EXTERNAL SOURCES:
  auropay_payments:
    :path: ".symlinks/plugins/auropay_payments/ios"
  Flutter:
    :path: Flutter
  integration_test:
    :path: ".symlinks/plugins/integration_test/ios"

SPEC CHECKSUMS:
  auropay-payments: 636266e1db0bc06cd0415510e63c7711a8cf7362
  auropay_payments: 441aa06231082aa484c0b67e332aa0b8d3527a29
  Flutter: e0871f40cf51350855a761d2e70bf5af5b9b5de7
  integration_test: 13825b8a9334a850581300559b8839134b124670

PODFILE CHECKSUM: a57f30d18f102dd3ce366b1d62a55ecbef2158e5

COCOAPODS: 1.15.2
